
Microsoft Visual Studio Solution File, Format Version 12.00
# Visual Studio Version 17
VisualStudioVersion = 17.14.36623.8
MinimumVisualStudioVersion = 10.0.40219.1
Project("{FAE04EC0-301F-11D3-BF4B-00C04F79EFBC}") = "Sellorio.Validation", "Sellorio.Validation\Sellorio.Validation.csproj", "{266C0C3D-A4C5-4FC1-BB55-EF00385DB0B7}"
EndProject
Project("{2150E333-8FDC-42A3-9474-1A3956D46DE8}") = ".github", ".github", "{02EA681E-C7D8-13C7-8484-4AC65E1B71E8}"
EndProject
Project("{2150E333-8FDC-42A3-9474-1A3956D46DE8}") = "workflows", "workflows", "{44AA0F06-480E-4FE0-BB95-6C2AD368FBAB}"
	ProjectSection(SolutionItems) = preProject
		.github\workflows\build.yml = .github\workflows\build.yml
		.github\workflows\release.yml = .github\workflows\release.yml
	EndProjectSection
EndProject
Global
	GlobalSection(SolutionConfigurationPlatforms) = preSolution
		Debug|Any CPU = Debug|Any CPU
		Release|Any CPU = Release|Any CPU
	EndGlobalSection
	GlobalSection(ProjectConfigurationPlatforms) = postSolution
		{266C0C3D-A4C5-4FC1-BB55-EF00385DB0B7}.Debug|Any CPU.ActiveCfg = Debug|Any CPU
		{266C0C3D-A4C5-4FC1-BB55-EF00385DB0B7}.Debug|Any CPU.Build.0 = Debug|Any CPU
		{266C0C3D-A4C5-4FC1-BB55-EF00385DB0B7}.Release|Any CPU.ActiveCfg = Release|Any CPU
		{266C0C3D-A4C5-4FC1-BB55-EF00385DB0B7}.Release|Any CPU.Build.0 = Release|Any CPU
	EndGlobalSection
	GlobalSection(SolutionProperties) = preSolution
		HideSolutionNode = FALSE
	EndGlobalSection
	GlobalSection(NestedProjects) = preSolution
		{44AA0F06-480E-4FE0-BB95-6C2AD368FBAB} = {02EA681E-C7D8-13C7-8484-4AC65E1B71E8}
	EndGlobalSection
	GlobalSection(ExtensibilityGlobals) = postSolution
		SolutionGuid = {BBA730DE-2400-4793-9C5C-38DE6D238698}
	EndGlobalSection
EndGlobal
